
Microsoft Visual Studio Solution File, Format Version 12.00
# Visual Studio Version 16
VisualStudioVersion = 16.0.29201.188
MinimumVisualStudioVersion = 10.0.40219.1
Project("{FAE04EC0-301F-11D3-BF4B-00C04F79EFBC}") = "DungeonGenerator", "DungeonGenerator\DungeonGenerator.csproj", "{8FA6503F-58F3-46AA-BA54-0F8641BEA5A5}"
EndProject
Global
	GlobalSection(SolutionConfigurationPlatforms) = preSolution
		Debug|Any CPU = Debug|Any CPU
		Release|Any CPU = Release|Any CPU
	EndGlobalSection
	GlobalSection(ProjectConfigurationPlatforms) = postSolution
		{8FA6503F-58F3-46AA-BA54-0F8641BEA5A5}.Debug|Any CPU.ActiveCfg = Debug|Any CPU
		{8FA6503F-58F3-46AA-BA54-0F8641BEA5A5}.Debug|Any CPU.Build.0 = Debug|Any CPU
		{8FA6503F-58F3-46AA-BA54-0F8641BEA5A5}.Release|Any CPU.ActiveCfg = Release|Any CPU
		{8FA6503F-58F3-46AA-BA54-0F8641BEA5A5}.Release|Any CPU.Build.0 = Release|Any CPU
	EndGlobalSection
	GlobalSection(SolutionProperties) = preSolution
		HideSolutionNode = FALSE
	EndGlobalSection
	GlobalSection(ExtensibilityGlobals) = postSolution
		SolutionGuid = {FCD3947B-E8FC-4204-A69A-2ACC6A4598F0}
	EndGlobalSection
EndGlobal
